{
  "name": "the-librarian",
  "lockfileVersion": 3,
  "requires": true,
  "packages": {
    "": {
      "dependencies": {
        "csv-parse": "^5.6.0"
      },
      "devDependencies": {
        "@types/csv-parse": "^1.2.5"
      }
    },
    "node_modules/@types/csv-parse": {
      "version": "1.2.5",
      "resolved": "https://registry.npmjs.org/@types/csv-parse/-/csv-parse-1.2.5.tgz",
      "integrity": "sha512-3PoFyWeuFGqale09vFydLQ6IGdvD+mizcXcB8s6ImWv+830IF0HckvewgcGVfGnTFImqvfvhpYZYod2QqGGGdg==",
      "deprecated": "This is a stub types definition. csv-parse provides its own type definitions, so you do not need this installed.",
      "dev": true,
      "dependencies": {
        "csv-parse": "*"
      }
    },
    "node_modules/csv-parse": {
      "version": "5.6.0",
      "resolved": "https://registry.npmjs.org/csv-parse/-/csv-parse-5.6.0.tgz",
      "integrity": "sha512-l3nz3euub2QMg5ouu5U09Ew9Wf6/wQ8I++ch1loQ0ljmzhmfZYrH9fflS22i/PQEvsPvxCwxgz5q7UB8K1JO4Q=="
    }
  }
}
